// !$*UTF8*$!
{
	archiveVersion = 1;
	classes = {
	};
	objectVersion = 46;
	objects = {

/* Begin PBXBuildFile section */
		524F348A1D696E7D00C48AAA /* main.m in Sources */ = {isa = PBXBuildFile; fileRef = 524F34891D696E7D00C48AAA /* main.m */; };
		524F348D1D696E7D00C48AAA /* AppDelegate.m in Sources */ = {isa = PBXBuildFile; fileRef = 524F348C1D696E7D00C48AAA /* AppDelegate.m */; };
		524F34901D696E7D00C48AAA /* ViewController.m in Sources */ = {isa = PBXBuildFile; fileRef = 524F348F1D696E7D00C48AAA /* ViewController.m */; };
		524F34931D696E7D00C48AAA /* Main.storyboard in Resources */ = {isa = PBXBuildFile; fileRef = 524F34911D696E7D00C48AAA /* Main.storyboard */; };
		524F34951D696E7D00C48AAA /* Assets.xcassets in Resources */ = {isa = PBXBuildFile; fileRef = 524F34941D696E7D00C48AAA /* Assets.xcassets */; };
		524F34981D696E7D00C48AAA /* LaunchScreen.storyboard in Resources */ = {isa = PBXBuildFile; fileRef = 524F34961D696E7D00C48AAA /* LaunchScreen.storyboard */; };
/* End PBXBuildFile section */

/* Begin PBXFileReference section */
		524F34851D696E7D00C48AAA /* 百思不得姐.app */ = {isa = PBXFileReference; explicitFileType = wrapper.application; includeInIndex = 0; path = "百思不得姐.app"; sourceTree = BUILT_PRODUCTS_DIR; };
		524F34891D696E7D00C48AAA /* main.m */ = {isa = PBXFileReference; lastKnownFileType = sourcecode.c.objc; path = main.m; sourceTree = "<group>"; };
		524F348B1D696E7D00C48AAA /* AppDelegate.h */ = {isa = PBXFileReference; lastKnownFileType = sourcecode.c.h; path = AppDelegate.h; sourceTree = "<group>"; };
		524F348C1D696E7D00C48AAA /* AppDelegate.m */ = {isa = PBXFileReference; lastKnownFileType = sourcecode.c.objc; path = AppDelegate.m; sourceTree = "<group>"; };
		524F348E1D696E7D00C48AAA /* ViewController.h */ = {isa = PBXFileReference; lastKnownFileType = sourcecode.c.h; path = ViewController.h; sourceTree = "<group>"; };
		524F348F1D696E7D00C48AAA /* ViewController.m */ = {isa = PBXFileReference; lastKnownFileType = sourcecode.c.objc; path = ViewController.m; sourceTree = "<group>"; };
		524F34921D696E7D00C48AAA /* Base */ = {isa = PBXFileReference; lastKnownFileType = file.storyboard; name = Base; path = Base.lproj/Main.storyboard; sourceTree = "<group>"; };
		524F34941D696E7D00C48AAA /* Assets.xcassets */ = {isa = PBXFileReference; lastKnownFileType = folder.assetcatalog; path = Assets.xcassets; sourceTree = "<group>"; };
		524F34971D696E7D00C48AAA /* Base */ = {isa = PBXFileReference; lastKnownFileType = file.storyboard; name = Base; path = Base.lproj/LaunchScreen.storyboard; sourceTree = "<group>"; };
		524F34991D696E7D00C48AAA /* Info.plist */ = {isa = PBXFileReference; lastKnownFileType = text.plist.xml; path = Info.plist; sourceTree = "<group>"; };
/* End PBXFileReference section */

/* Begin PBXFrameworksBuildPhase section */
		524F34821D696E7D00C48AAA /* Frameworks */ = {
			isa = PBXFrameworksBuildPhase;
			buildActionMask = 2147483647;
			files = (
			);
			runOnlyForDeploymentPostprocessing = 0;
		};
/* End PBXFrameworksBuildPhase section */

/* Begin PBXGroup section */
		524F347C1D696E7D00C48AAA = {
			isa = PBXGroup;
			children = (
				524F34871D696E7D00C48AAA /* 百思不得姐 */,
				524F34861D696E7D00C48AAA /* Products */,
			);
			sourceTree = "<group>";
		};
		524F34861D696E7D00C48AAA /* Products */ = {
			isa = PBXGroup;
			children = (
				524F34851D696E7D00C48AAA /* 百思不得姐.app */,
			);
			name = Products;
			sourceTree = "<group>";
		};
		524F34871D696E7D00C48AAA /* 百思不得姐 */ = {
			isa = PBXGroup;
			children = (
				524F348B1D696E7D00C48AAA /* AppDelegate.h */,
				524F348C1D696E7D00C48AAA /* AppDelegate.m */,
				524F348E1D696E7D00C48AAA /* ViewController.h */,
				524F348F1D696E7D00C48AAA /* ViewController.m */,
				524F34911D696E7D00C48AAA /* Main.storyboard */,
				524F34941D696E7D00C48AAA /* Assets.xcassets */,
				524F34961D696E7D00C48AAA /* LaunchScreen.storyboard */,
				524F34991D696E7D00C48AAA /* Info.plist */,
				524F34881D696E7D00C48AAA /* Supporting Files */,
			);
			path = "百思不得姐";
			sourceTree = "<group>";
		};
		524F34881D696E7D00C48AAA /* Supporting Files */ = {
			isa = PBXGroup;
			children = (
				524F34891D696E7D00C48AAA /* main.m */,
			);
			name = "Supporting Files";
			sourceTree = "<group>";
		};
/* End PBXGroup section */

/* Begin PBXNativeTarget section */
		524F34841D696E7D00C48AAA /* 百思不得姐 */ = {
			isa = PBXNativeTarget;
			buildConfigurationList = 524F349C1D696E7D00C48AAA /* Build configuration list for PBXNativeTarget "百思不得姐" */;
			buildPhases = (
				524F34811D696E7D00C48AAA /* Sources */,
				524F34821D696E7D00C48AAA /* Frameworks */,
				524F34831D696E7D00C48AAA /* Resources */,
			);
			buildRules = (
			);
			dependencies = (
			);
			name = "百思不得姐";
			productName = "百思不得姐";
			productReference = 524F34851D696E7D00C48AAA /* 百思不得姐.app */;
			productType = "com.apple.product-type.application";
		};
/* End PBXNativeTarget section */

/* Begin PBXProject section */
		524F347D1D696E7D00C48AAA /* Project object */ = {
			isa = PBXProject;
			attributes = {
				LastUpgradeCheck = 0730;
				ORGANIZATIONNAME = "😄";
				TargetAttributes = {
					524F34841D696E7D00C48AAA = {
						CreatedOnToolsVersion = 7.3.1;
					};
				};
			};
			buildConfigurationList = 524F34801D696E7D00C48AAA /* Build configuration list for PBXProject "百思不得姐" */;
			compatibilityVersion = "Xcode 3.2";
			developmentRegion = English;
			hasScannedForEncodings = 0;
			knownRegions = (
				en,
				Base,
			);
			mainGroup = 524F347C1D696E7D00C48AAA;
			productRefGroup = 524F34861D696E7D00C48AAA /* Products */;
			projectDirPath = "";
			projectRoot = "";
			targets = (
				524F34841D696E7D00C48AAA /* 百思不得姐 */,
			);
		};
/* End PBXProject section */

/* Begin PBXResourcesBuildPhase section */
		524F34831D696E7D00C48AAA /* Resources */ = {
			isa = PBXResourcesBuildPhase;
			buildActionMask = 2147483647;
			files = (
				524F34981D696E7D00C48AAA /* LaunchScreen.storyboard in Resources */,
				524F34951D696E7D00C48AAA /* Assets.xcassets in Resources */,
				524F34931D696E7D00C48AAA /* Main.storyboard in Resources */,
			);
			runOnlyForDeploymentPostprocessing = 0;
		};
/* End PBXResourcesBuildPhase section */

/* Begin PBXSourcesBuildPhase section */
		524F34811D696E7D00C48AAA /* Sources */ = {
			isa = PBXSourcesBuildPhase;
			buildActionMask = 2147483647;
			files = (
				524F34901D696E7D00C48AAA /* ViewController.m in Sources */,
				524F348D1D696E7D00C48AAA /* AppDelegate.m in Sources */,
				524F348A1D696E7D00C48AAA /* main.m in Sources */,
			);
			runOnlyForDeploymentPostprocessing = 0;
		};
/* End PBXSourcesBuildPhase section */

/* Begin PBXVariantGroup section */
		524F34911D696E7D00C48AAA /* Main.storyboard */ = {
			isa = PBXVariantGroup;
			children = (
				524F34921D696E7D00C48AAA /* Base */,
			);
			name = Main.storyboard;
			sourceTree = "<group>";
		};
		524F34961D696E7D00C48AAA /* LaunchScreen.storyboard */ = {
			isa = PBXVariantGroup;
			children = (
				524F34971D696E7D00C48AAA /* Base */,
			);
			name = LaunchScreen.storyboard;
			sourceTree = "<group>";
		};
/* End PBXVariantGroup section */

/* Begin XCBuildConfiguration section */
		524F349A1D696E7D00C48AAA /* Debug */ = {
			isa = XCBuildConfiguration;
			buildSettings = {
				ALWAYS_SEARCH_USER_PATHS = NO;
				CLANG_ANALYZER_NONNULL = YES;
				CLANG_CXX_LANGUAGE_STANDARD = "gnu++0x";
				CLANG_CXX_LIBRARY = "libc++";
				CLANG_ENABLE_MODULES = YES;
				CLANG_ENABLE_OBJC_ARC = YES;
				CLANG_WARN_BOOL_CONVERSION = YES;
				CLANG_WARN_CONSTANT_CONVERSION = YES;
				CLANG_WARN_DIRECT_OBJC_ISA_USAGE = YES_ERROR;
				CLANG_WARN_EMPTY_BODY = YES;
				CLANG_WARN_ENUM_CONVERSION = YES;
				CLANG_WARN_INT_CONVERSION = YES;
				CLANG_WARN_OBJC_ROOT_CLASS = YES_ERROR;
				CLANG_WARN_UNREACHABLE_CODE = YES;
				CLANG_WARN__DUPLICATE_METHOD_MATCH = YES;
				"CODE_SIGN_IDENTITY[sdk=iphoneos*]" = "iPhone Developer";
				COPY_PHASE_STRIP = NO;
				DEBUG_INFORMATION_FORMAT = dwarf;
				ENABLE_STRICT_OBJC_MSGSEND = YES;
				ENABLE_TESTABILITY = YES;
				GCC_C_LANGUAGE_STANDARD = gnu99;
				GCC_DYNAMIC_NO_PIC = NO;
				GCC_NO_COMMON_BLOCKS = YES;
				GCC_OPTIMIZATION_LEVEL = 0;
				GCC_PREPROCESSOR_DEFINITIONS = (
					"DEBUG=1",
					"$(inherited)",
				);
				GCC_WARN_64_TO_32_BIT_CONVERSION = YES;
				GCC_WARN_ABOUT_RETURN_TYPE = YES_ERROR;
				GCC_WARN_UNDECLARED_SELECTOR = YES;
				GCC_WARN_UNINITIALIZED_AUTOS = YES_AGGRESSIVE;
				GCC_WARN_UNUSED_FUNCTION = YES;
				GCC_WARN_UNUSED_VARIABLE = YES;
				IPHONEOS_DEPLOYMENT_TARGET = 9.3;
				MTL_ENABLE_DEBUG_INFO = YES;
				ONLY_ACTIVE_ARCH = YES;
				SDKROOT = iphoneos;
				TARGETED_DEVICE_FAMILY = "1,2";
			};
			name = Debug;
		};
		524F349B1D696E7D00C48AAA /* Release */ = {
			isa = XCBuildConfiguration;
			buildSettings = {
				ALWAYS_SEARCH_USER_PATHS = NO;
				CLANG_ANALYZER_NONNULL = YES;
				CLANG_CXX_LANGUAGE_STANDARD = "gnu++0x";
				CLANG_CXX_LIBRARY = "libc++";
				CLANG_ENABLE_MODULES = YES;
				CLANG_ENABLE_OBJC_ARC = YES;
				CLANG_WARN_BOOL_CONVERSION = YES;
				CLANG_WARN_CONSTANT_CONVERSION = YES;
				CLANG_WARN_DIRECT_OBJC_ISA_USAGE = YES_ERROR;
				CLANG_WARN_EMPTY_BODY = YES;
				CLANG_WARN_ENUM_CONVERSION = YES;
				CLANG_WARN_INT_CONVERSION = YES;
				CLANG_WARN_OBJC_ROOT_CLASS = YES_ERROR;
				CLANG_WARN_UNREACHABLE_CODE = YES;
				CLANG_WARN__DUPLICATE_METHOD_MATCH = YES;
				"CODE_SIGN_IDENTITY[sdk=iphoneos*]" = "iPhone Developer";
				COPY_PHASE_STRIP = NO;
				DEBUG_INFORMATION_FORMAT = "dwarf-with-dsym";
				ENABLE_NS_ASSERTIONS = NO;
				ENABLE_STRICT_OBJC_MSGSEND = YES;
				GCC_C_LANGUAGE_STANDARD = gnu99;
				GCC_NO_COMMON_BLOCKS = YES;
				GCC_WARN_64_TO_32_BIT_CONVERSION = YES;
				GCC_WARN_ABOUT_RETURN_TYPE = YES_ERROR;
				GCC_WARN_UNDECLARED_SELECTOR = YES;
				GCC_WARN_UNINITIALIZED_AUTOS = YES_AGGRESSIVE;
				GCC_WARN_UNUSED_FUNCTION = YES;
				GCC_WARN_UNUSED_VARIABLE = YES;
				IPHONEOS_DEPLOYMENT_TARGET = 9.3;
				MTL_ENABLE_DEBUG_INFO = NO;
				SDKROOT = iphoneos;
				TARGETED_DEVICE_FAMILY = "1,2";
				VALIDATE_PRODUCT = YES;
			};
			name = Release;
		};
		524F349D1D696E7D00C48AAA /* Debug */ = {
			isa = XCBuildConfiguration;
			buildSettings = {
				ASSETCATALOG_COMPILER_APPICON_NAME = AppIcon;
				INFOPLIST_FILE = "百思不得姐/Info.plist";
				LD_RUNPATH_SEARCH_PATHS = "$(inherited) @executable_path/Frameworks";
				PRODUCT_BUNDLE_IDENTIFIER = "LiuJian.-----";
				PRODUCT_NAME = "$(TARGET_NAME)";
			};
			name = Debug;
		};
		524F349E1D696E7D00C48AAA /* Release */ = {
			isa = XCBuildConfiguration;
			buildSettings = {
				ASSETCATALOG_COMPILER_APPICON_NAME = AppIcon;
				INFOPLIST_FILE = "百思不得姐/Info.plist";
				LD_RUNPATH_SEARCH_PATHS = "$(inherited) @executable_path/Frameworks";
				PRODUCT_BUNDLE_IDENTIFIER = "LiuJian.-----";
				PRODUCT_NAME = "$(TARGET_NAME)";
			};
			name = Release;
		};
/* End XCBuildConfiguration section */

/* Begin XCConfigurationList section */
		524F34801D696E7D00C48AAA /* Build configuration list for PBXProject "百思不得姐" */ = {
			isa = XCConfigurationList;
			buildConfigurations = (
				524F349A1D696E7D00C48AAA /* Debug */,
				524F349B1D696E7D00C48AAA /* Release */,
			);
			defaultConfigurationIsVisible = 0;
			defaultConfigurationName = Release;
		};
		524F349C1D696E7D00C48AAA /* Build configuration list for PBXNativeTarget "百思不得姐" */ = {
			isa = XCConfigurationList;
			buildConfigurations = (
				524F349D1D696E7D00C48AAA /* Debug */,
				524F349E1D696E7D00C48AAA /* Release */,
			);
			defaultConfigurationIsVisible = 0;
		};
/* End XCConfigurationList section */
	};
	rootObject = 524F347D1D696E7D00C48AAA /* Project object */;
}
