// !$*UTF8*$!
{
	archiveVersion = 1;
	classes = {
	};
	objectVersion = 46;
	objects = {

/* Begin PBXBuildFile section */
		0819215E17286748BF983475 /* libPods-百思不得姐.a in Frameworks */ = {isa = PBXBuildFile; fileRef = 0F8CEBCD52B7189478094B12 /* libPods-百思不得姐.a */; };
		5225D3A31D6B4C480051A02F /* BDJRecommendUserCell.m in Sources */ = {isa = PBXBuildFile; fileRef = 5225D3A11D6B4C480051A02F /* BDJRecommendUserCell.m */; };
		5225D3A41D6B4C480051A02F /* BDJRecommendUserCell.xib in Resources */ = {isa = PBXBuildFile; fileRef = 5225D3A21D6B4C480051A02F /* BDJRecommendUserCell.xib */; };
		5225D3A71D6B504C0051A02F /* BDJRecommendUser.m in Sources */ = {isa = PBXBuildFile; fileRef = 5225D3A61D6B504C0051A02F /* BDJRecommendUser.m */; };
		5249234D1D69DB0500B8152F /* BDJEssenceViewController.m in Sources */ = {isa = PBXBuildFile; fileRef = 524923261D69DB0500B8152F /* BDJEssenceViewController.m */; };
		5249234E1D69DB0500B8152F /* BDJFriendTrendsViewController.m in Sources */ = {isa = PBXBuildFile; fileRef = 5249232C1D69DB0500B8152F /* BDJFriendTrendsViewController.m */; };
		5249234F1D69DB0500B8152F /* BDJMeViewController.m in Sources */ = {isa = PBXBuildFile; fileRef = 524923321D69DB0500B8152F /* BDJMeViewController.m */; };
		524923501D69DB0500B8152F /* BDJNewViewController.m in Sources */ = {isa = PBXBuildFile; fileRef = 524923381D69DB0500B8152F /* BDJNewViewController.m */; };
		524923511D69DB0500B8152F /* AppDelegate.m in Sources */ = {isa = PBXBuildFile; fileRef = 5249233D1D69DB0500B8152F /* AppDelegate.m */; };
		524923521D69DB0500B8152F /* UIBarButtonItem+BDJExtension.m in Sources */ = {isa = PBXBuildFile; fileRef = 524923411D69DB0500B8152F /* UIBarButtonItem+BDJExtension.m */; };
		524923531D69DB0500B8152F /* UIView+BDJExtension.m in Sources */ = {isa = PBXBuildFile; fileRef = 524923431D69DB0500B8152F /* UIView+BDJExtension.m */; };
		524923541D69DB0500B8152F /* BDJTabBarController.m in Sources */ = {isa = PBXBuildFile; fileRef = 524923461D69DB0500B8152F /* BDJTabBarController.m */; };
		524923561D69DB0500B8152F /* LaunchScreen.storyboard in Resources */ = {isa = PBXBuildFile; fileRef = 524923481D69DB0500B8152F /* LaunchScreen.storyboard */; };
		524923571D69DB0500B8152F /* main.m in Sources */ = {isa = PBXBuildFile; fileRef = 524923491D69DB0500B8152F /* main.m */; };
		524923581D69DB0500B8152F /* BDJTabBar.m in Sources */ = {isa = PBXBuildFile; fileRef = 5249234C1D69DB0500B8152F /* BDJTabBar.m */; };
		5249235A1D69DBB100B8152F /* Info.plist in Resources */ = {isa = PBXBuildFile; fileRef = 524923591D69DBB100B8152F /* Info.plist */; };
		5249235D1D6A824E00B8152F /* BDJNavigationController.m in Sources */ = {isa = PBXBuildFile; fileRef = 5249235C1D6A824E00B8152F /* BDJNavigationController.m */; };
		5249235F1D6AAC7300B8152F /* BDJFriendTrendsViewController.xib in Resources */ = {isa = PBXBuildFile; fileRef = 5249235E1D6AAC7300B8152F /* BDJFriendTrendsViewController.xib */; };
		524923631D6AB3AC00B8152F /* BDJRecommendViewController.m in Sources */ = {isa = PBXBuildFile; fileRef = 524923611D6AB3AC00B8152F /* BDJRecommendViewController.m */; };
		524923641D6AB3AC00B8152F /* BDJRecommendViewController.xib in Resources */ = {isa = PBXBuildFile; fileRef = 524923621D6AB3AC00B8152F /* BDJRecommendViewController.xib */; };
		5249236A1D6AB5DE00B8152F /* NSDictionary+BDJLog.m in Sources */ = {isa = PBXBuildFile; fileRef = 524923691D6AB5DE00B8152F /* NSDictionary+BDJLog.m */; };
		5249236D1D6ABF9900B8152F /* BDJRecommendType.m in Sources */ = {isa = PBXBuildFile; fileRef = 5249236C1D6ABF9900B8152F /* BDJRecommendType.m */; };
		524923711D6AC23400B8152F /* BDJRecommendTypeCell.m in Sources */ = {isa = PBXBuildFile; fileRef = 5249236F1D6AC23400B8152F /* BDJRecommendTypeCell.m */; };
		524923721D6AC23400B8152F /* BDJRecommendTypeCell.xib in Resources */ = {isa = PBXBuildFile; fileRef = 524923701D6AC23400B8152F /* BDJRecommendTypeCell.xib */; };
		524F34951D696E7D00C48AAA /* Assets.xcassets in Resources */ = {isa = PBXBuildFile; fileRef = 524F34941D696E7D00C48AAA /* Assets.xcassets */; };
/* End PBXBuildFile section */

/* Begin PBXFileReference section */
		0F8CEBCD52B7189478094B12 /* libPods-百思不得姐.a */ = {isa = PBXFileReference; explicitFileType = archive.ar; includeInIndex = 0; path = "libPods-百思不得姐.a"; sourceTree = BUILT_PRODUCTS_DIR; };
		1705033D8C7D305F248FA542 /* Pods-百思不得姐.release.xcconfig */ = {isa = PBXFileReference; includeInIndex = 1; lastKnownFileType = text.xcconfig; name = "Pods-百思不得姐.release.xcconfig"; path = "Pods/Target Support Files/Pods-百思不得姐/Pods-百思不得姐.release.xcconfig"; sourceTree = "<group>"; };
		2535BB8B2914435D165D773B /* Pods-百思不得姐.debug.xcconfig */ = {isa = PBXFileReference; includeInIndex = 1; lastKnownFileType = text.xcconfig; name = "Pods-百思不得姐.debug.xcconfig"; path = "Pods/Target Support Files/Pods-百思不得姐/Pods-百思不得姐.debug.xcconfig"; sourceTree = "<group>"; };
		5225D3A01D6B4C480051A02F /* BDJRecommendUserCell.h */ = {isa = PBXFileReference; fileEncoding = 4; lastKnownFileType = sourcecode.c.h; path = BDJRecommendUserCell.h; sourceTree = "<group>"; };
		5225D3A11D6B4C480051A02F /* BDJRecommendUserCell.m */ = {isa = PBXFileReference; fileEncoding = 4; lastKnownFileType = sourcecode.c.objc; path = BDJRecommendUserCell.m; sourceTree = "<group>"; };
		5225D3A21D6B4C480051A02F /* BDJRecommendUserCell.xib */ = {isa = PBXFileReference; fileEncoding = 4; lastKnownFileType = file.xib; path = BDJRecommendUserCell.xib; sourceTree = "<group>"; };
		5225D3A51D6B504C0051A02F /* BDJRecommendUser.h */ = {isa = PBXFileReference; fileEncoding = 4; lastKnownFileType = sourcecode.c.h; path = BDJRecommendUser.h; sourceTree = "<group>"; };
		5225D3A61D6B504C0051A02F /* BDJRecommendUser.m */ = {isa = PBXFileReference; fileEncoding = 4; lastKnownFileType = sourcecode.c.objc; path = BDJRecommendUser.m; sourceTree = "<group>"; };
		524923251D69DB0500B8152F /* BDJEssenceViewController.h */ = {isa = PBXFileReference; fileEncoding = 4; lastKnownFileType = sourcecode.c.h; path = BDJEssenceViewController.h; sourceTree = "<group>"; };
		524923261D69DB0500B8152F /* BDJEssenceViewController.m */ = {isa = PBXFileReference; fileEncoding = 4; lastKnownFileType = sourcecode.c.objc; path = BDJEssenceViewController.m; sourceTree = "<group>"; };
		5249232B1D69DB0500B8152F /* BDJFriendTrendsViewController.h */ = {isa = PBXFileReference; fileEncoding = 4; lastKnownFileType = sourcecode.c.h; path = BDJFriendTrendsViewController.h; sourceTree = "<group>"; };
		5249232C1D69DB0500B8152F /* BDJFriendTrendsViewController.m */ = {isa = PBXFileReference; fileEncoding = 4; lastKnownFileType = sourcecode.c.objc; path = BDJFriendTrendsViewController.m; sourceTree = "<group>"; };
		524923311D69DB0500B8152F /* BDJMeViewController.h */ = {isa = PBXFileReference; fileEncoding = 4; lastKnownFileType = sourcecode.c.h; path = BDJMeViewController.h; sourceTree = "<group>"; };
		524923321D69DB0500B8152F /* BDJMeViewController.m */ = {isa = PBXFileReference; fileEncoding = 4; lastKnownFileType = sourcecode.c.objc; path = BDJMeViewController.m; sourceTree = "<group>"; };
		524923371D69DB0500B8152F /* BDJNewViewController.h */ = {isa = PBXFileReference; fileEncoding = 4; lastKnownFileType = sourcecode.c.h; path = BDJNewViewController.h; sourceTree = "<group>"; };
		524923381D69DB0500B8152F /* BDJNewViewController.m */ = {isa = PBXFileReference; fileEncoding = 4; lastKnownFileType = sourcecode.c.objc; path = BDJNewViewController.m; sourceTree = "<group>"; };
		5249233C1D69DB0500B8152F /* AppDelegate.h */ = {isa = PBXFileReference; fileEncoding = 4; lastKnownFileType = sourcecode.c.h; path = AppDelegate.h; sourceTree = "<group>"; };
		5249233D1D69DB0500B8152F /* AppDelegate.m */ = {isa = PBXFileReference; fileEncoding = 4; lastKnownFileType = sourcecode.c.objc; path = AppDelegate.m; sourceTree = "<group>"; };
		5249233E1D69DB0500B8152F /* BDJ.pch */ = {isa = PBXFileReference; fileEncoding = 4; lastKnownFileType = sourcecode.c.h; path = BDJ.pch; sourceTree = "<group>"; };
		524923401D69DB0500B8152F /* UIBarButtonItem+BDJExtension.h */ = {isa = PBXFileReference; fileEncoding = 4; lastKnownFileType = sourcecode.c.h; path = "UIBarButtonItem+BDJExtension.h"; sourceTree = "<group>"; };
		524923411D69DB0500B8152F /* UIBarButtonItem+BDJExtension.m */ = {isa = PBXFileReference; fileEncoding = 4; lastKnownFileType = sourcecode.c.objc; path = "UIBarButtonItem+BDJExtension.m"; sourceTree = "<group>"; };
		524923421D69DB0500B8152F /* UIView+BDJExtension.h */ = {isa = PBXFileReference; fileEncoding = 4; lastKnownFileType = sourcecode.c.h; path = "UIView+BDJExtension.h"; sourceTree = "<group>"; };
		524923431D69DB0500B8152F /* UIView+BDJExtension.m */ = {isa = PBXFileReference; fileEncoding = 4; lastKnownFileType = sourcecode.c.objc; path = "UIView+BDJExtension.m"; sourceTree = "<group>"; };
		524923451D69DB0500B8152F /* BDJTabBarController.h */ = {isa = PBXFileReference; fileEncoding = 4; lastKnownFileType = sourcecode.c.h; path = BDJTabBarController.h; sourceTree = "<group>"; };
		524923461D69DB0500B8152F /* BDJTabBarController.m */ = {isa = PBXFileReference; fileEncoding = 4; lastKnownFileType = sourcecode.c.objc; path = BDJTabBarController.m; sourceTree = "<group>"; };
		524923481D69DB0500B8152F /* LaunchScreen.storyboard */ = {isa = PBXFileReference; fileEncoding = 4; lastKnownFileType = file.storyboard; path = LaunchScreen.storyboard; sourceTree = "<group>"; };
		524923491D69DB0500B8152F /* main.m */ = {isa = PBXFileReference; fileEncoding = 4; lastKnownFileType = sourcecode.c.objc; path = main.m; sourceTree = "<group>"; };
		5249234B1D69DB0500B8152F /* BDJTabBar.h */ = {isa = PBXFileReference; fileEncoding = 4; lastKnownFileType = sourcecode.c.h; path = BDJTabBar.h; sourceTree = "<group>"; };
		5249234C1D69DB0500B8152F /* BDJTabBar.m */ = {isa = PBXFileReference; fileEncoding = 4; lastKnownFileType = sourcecode.c.objc; path = BDJTabBar.m; sourceTree = "<group>"; };
		524923591D69DBB100B8152F /* Info.plist */ = {isa = PBXFileReference; fileEncoding = 4; lastKnownFileType = text.plist.xml; path = Info.plist; sourceTree = "<group>"; };
		5249235B1D6A824E00B8152F /* BDJNavigationController.h */ = {isa = PBXFileReference; fileEncoding = 4; lastKnownFileType = sourcecode.c.h; path = BDJNavigationController.h; sourceTree = "<group>"; };
		5249235C1D6A824E00B8152F /* BDJNavigationController.m */ = {isa = PBXFileReference; fileEncoding = 4; lastKnownFileType = sourcecode.c.objc; path = BDJNavigationController.m; sourceTree = "<group>"; };
		5249235E1D6AAC7300B8152F /* BDJFriendTrendsViewController.xib */ = {isa = PBXFileReference; fileEncoding = 4; lastKnownFileType = file.xib; path = BDJFriendTrendsViewController.xib; sourceTree = "<group>"; };
		524923601D6AB3AC00B8152F /* BDJRecommendViewController.h */ = {isa = PBXFileReference; fileEncoding = 4; lastKnownFileType = sourcecode.c.h; path = BDJRecommendViewController.h; sourceTree = "<group>"; };
		524923611D6AB3AC00B8152F /* BDJRecommendViewController.m */ = {isa = PBXFileReference; fileEncoding = 4; lastKnownFileType = sourcecode.c.objc; path = BDJRecommendViewController.m; sourceTree = "<group>"; };
		524923621D6AB3AC00B8152F /* BDJRecommendViewController.xib */ = {isa = PBXFileReference; fileEncoding = 4; lastKnownFileType = file.xib; path = BDJRecommendViewController.xib; sourceTree = "<group>"; };
		524923681D6AB5DE00B8152F /* NSDictionary+BDJLog.h */ = {isa = PBXFileReference; fileEncoding = 4; lastKnownFileType = sourcecode.c.h; path = "NSDictionary+BDJLog.h"; sourceTree = "<group>"; };
		524923691D6AB5DE00B8152F /* NSDictionary+BDJLog.m */ = {isa = PBXFileReference; fileEncoding = 4; lastKnownFileType = sourcecode.c.objc; path = "NSDictionary+BDJLog.m"; sourceTree = "<group>"; };
		5249236B1D6ABF9900B8152F /* BDJRecommendType.h */ = {isa = PBXFileReference; fileEncoding = 4; lastKnownFileType = sourcecode.c.h; path = BDJRecommendType.h; sourceTree = "<group>"; };
		5249236C1D6ABF9900B8152F /* BDJRecommendType.m */ = {isa = PBXFileReference; fileEncoding = 4; lastKnownFileType = sourcecode.c.objc; path = BDJRecommendType.m; sourceTree = "<group>"; };
		5249236E1D6AC23400B8152F /* BDJRecommendTypeCell.h */ = {isa = PBXFileReference; fileEncoding = 4; lastKnownFileType = sourcecode.c.h; path = BDJRecommendTypeCell.h; sourceTree = "<group>"; };
		5249236F1D6AC23400B8152F /* BDJRecommendTypeCell.m */ = {isa = PBXFileReference; fileEncoding = 4; lastKnownFileType = sourcecode.c.objc; path = BDJRecommendTypeCell.m; sourceTree = "<group>"; };
		524923701D6AC23400B8152F /* BDJRecommendTypeCell.xib */ = {isa = PBXFileReference; fileEncoding = 4; lastKnownFileType = file.xib; path = BDJRecommendTypeCell.xib; sourceTree = "<group>"; };
		524F34851D696E7D00C48AAA /* 百思不得姐.app */ = {isa = PBXFileReference; explicitFileType = wrapper.application; includeInIndex = 0; path = "百思不得姐.app"; sourceTree = BUILT_PRODUCTS_DIR; };
		524F34941D696E7D00C48AAA /* Assets.xcassets */ = {isa = PBXFileReference; lastKnownFileType = folder.assetcatalog; path = Assets.xcassets; sourceTree = "<group>"; };
/* End PBXFileReference section */

/* Begin PBXFrameworksBuildPhase section */
		524F34821D696E7D00C48AAA /* Frameworks */ = {
			isa = PBXFrameworksBuildPhase;
			buildActionMask = 2147483647;
			files = (
				0819215E17286748BF983475 /* libPods-百思不得姐.a in Frameworks */,
			);
			runOnlyForDeploymentPostprocessing = 0;
		};
/* End PBXFrameworksBuildPhase section */

/* Begin PBXGroup section */
		524923221D69DB0500B8152F /* Classes */ = {
			isa = PBXGroup;
			children = (
				524923231D69DB0500B8152F /* Essence */,
				524923291D69DB0500B8152F /* FriendTrends */,
				5249232F1D69DB0500B8152F /* Me */,
				524923351D69DB0500B8152F /* New */,
				5249233B1D69DB0500B8152F /* Other */,
			);
			path = Classes;
			sourceTree = "<group>";
		};
		524923231D69DB0500B8152F /* Essence */ = {
			isa = PBXGroup;
			children = (
				524923241D69DB0500B8152F /* Controller */,
				524923271D69DB0500B8152F /* Model */,
				524923281D69DB0500B8152F /* View */,
			);
			path = Essence;
			sourceTree = "<group>";
		};
		524923241D69DB0500B8152F /* Controller */ = {
			isa = PBXGroup;
			children = (
				524923251D69DB0500B8152F /* BDJEssenceViewController.h */,
				524923261D69DB0500B8152F /* BDJEssenceViewController.m */,
			);
			path = Controller;
			sourceTree = "<group>";
		};
		524923271D69DB0500B8152F /* Model */ = {
			isa = PBXGroup;
			children = (
			);
			path = Model;
			sourceTree = "<group>";
		};
		524923281D69DB0500B8152F /* View */ = {
			isa = PBXGroup;
			children = (
			);
			path = View;
			sourceTree = "<group>";
		};
		524923291D69DB0500B8152F /* FriendTrends */ = {
			isa = PBXGroup;
			children = (
				5249232A1D69DB0500B8152F /* Controller */,
				5249232D1D69DB0500B8152F /* Model */,
				5249232E1D69DB0500B8152F /* View */,
			);
			path = FriendTrends;
			sourceTree = "<group>";
		};
		5249232A1D69DB0500B8152F /* Controller */ = {
			isa = PBXGroup;
			children = (
				5249232B1D69DB0500B8152F /* BDJFriendTrendsViewController.h */,
				5249232C1D69DB0500B8152F /* BDJFriendTrendsViewController.m */,
				5249235E1D6AAC7300B8152F /* BDJFriendTrendsViewController.xib */,
				524923601D6AB3AC00B8152F /* BDJRecommendViewController.h */,
				524923611D6AB3AC00B8152F /* BDJRecommendViewController.m */,
				524923621D6AB3AC00B8152F /* BDJRecommendViewController.xib */,
			);
			path = Controller;
			sourceTree = "<group>";
		};
		5249232D1D69DB0500B8152F /* Model */ = {
			isa = PBXGroup;
			children = (
				5249236B1D6ABF9900B8152F /* BDJRecommendType.h */,
				5249236C1D6ABF9900B8152F /* BDJRecommendType.m */,
				5225D3A51D6B504C0051A02F /* BDJRecommendUser.h */,
				5225D3A61D6B504C0051A02F /* BDJRecommendUser.m */,
			);
			path = Model;
			sourceTree = "<group>";
		};
		5249232E1D69DB0500B8152F /* View */ = {
			isa = PBXGroup;
			children = (
				5249236E1D6AC23400B8152F /* BDJRecommendTypeCell.h */,
				5249236F1D6AC23400B8152F /* BDJRecommendTypeCell.m */,
				524923701D6AC23400B8152F /* BDJRecommendTypeCell.xib */,
				5225D3A01D6B4C480051A02F /* BDJRecommendUserCell.h */,
				5225D3A11D6B4C480051A02F /* BDJRecommendUserCell.m */,
				5225D3A21D6B4C480051A02F /* BDJRecommendUserCell.xib */,
			);
			path = View;
			sourceTree = "<group>";
		};
		5249232F1D69DB0500B8152F /* Me */ = {
			isa = PBXGroup;
			children = (
				524923301D69DB0500B8152F /* Controller */,
				524923331D69DB0500B8152F /* Model */,
				524923341D69DB0500B8152F /* View */,
			);
			path = Me;
			sourceTree = "<group>";
		};
		524923301D69DB0500B8152F /* Controller */ = {
			isa = PBXGroup;
			children = (
				524923311D69DB0500B8152F /* BDJMeViewController.h */,
				524923321D69DB0500B8152F /* BDJMeViewController.m */,
			);
			path = Controller;
			sourceTree = "<group>";
		};
		524923331D69DB0500B8152F /* Model */ = {
			isa = PBXGroup;
			children = (
			);
			path = Model;
			sourceTree = "<group>";
		};
		524923341D69DB0500B8152F /* View */ = {
			isa = PBXGroup;
			children = (
			);
			path = View;
			sourceTree = "<group>";
		};
		524923351D69DB0500B8152F /* New */ = {
			isa = PBXGroup;
			children = (
				524923361D69DB0500B8152F /* Controller */,
				524923391D69DB0500B8152F /* Model */,
				5249233A1D69DB0500B8152F /* View */,
			);
			path = New;
			sourceTree = "<group>";
		};
		524923361D69DB0500B8152F /* Controller */ = {
			isa = PBXGroup;
			children = (
				524923371D69DB0500B8152F /* BDJNewViewController.h */,
				524923381D69DB0500B8152F /* BDJNewViewController.m */,
			);
			path = Controller;
			sourceTree = "<group>";
		};
		524923391D69DB0500B8152F /* Model */ = {
			isa = PBXGroup;
			children = (
			);
			path = Model;
			sourceTree = "<group>";
		};
		5249233A1D69DB0500B8152F /* View */ = {
			isa = PBXGroup;
			children = (
			);
			path = View;
			sourceTree = "<group>";
		};
		5249233B1D69DB0500B8152F /* Other */ = {
			isa = PBXGroup;
			children = (
				524923441D69DB0500B8152F /* Controller */,
				5249234A1D69DB0500B8152F /* View */,
				5249233F1D69DB0500B8152F /* Category */,
				5249233C1D69DB0500B8152F /* AppDelegate.h */,
				5249233D1D69DB0500B8152F /* AppDelegate.m */,
				5249233E1D69DB0500B8152F /* BDJ.pch */,
				524923491D69DB0500B8152F /* main.m */,
				524923481D69DB0500B8152F /* LaunchScreen.storyboard */,
			);
			path = Other;
			sourceTree = "<group>";
		};
		5249233F1D69DB0500B8152F /* Category */ = {
			isa = PBXGroup;
			children = (
				524923401D69DB0500B8152F /* UIBarButtonItem+BDJExtension.h */,
				524923411D69DB0500B8152F /* UIBarButtonItem+BDJExtension.m */,
				524923421D69DB0500B8152F /* UIView+BDJExtension.h */,
				524923431D69DB0500B8152F /* UIView+BDJExtension.m */,
				524923681D6AB5DE00B8152F /* NSDictionary+BDJLog.h */,
				524923691D6AB5DE00B8152F /* NSDictionary+BDJLog.m */,
			);
			path = Category;
			sourceTree = "<group>";
		};
		524923441D69DB0500B8152F /* Controller */ = {
			isa = PBXGroup;
			children = (
				524923451D69DB0500B8152F /* BDJTabBarController.h */,
				524923461D69DB0500B8152F /* BDJTabBarController.m */,
				5249235B1D6A824E00B8152F /* BDJNavigationController.h */,
				5249235C1D6A824E00B8152F /* BDJNavigationController.m */,
			);
			path = Controller;
			sourceTree = "<group>";
		};
		5249234A1D69DB0500B8152F /* View */ = {
			isa = PBXGroup;
			children = (
				5249234B1D69DB0500B8152F /* BDJTabBar.h */,
				5249234C1D69DB0500B8152F /* BDJTabBar.m */,
			);
			path = View;
			sourceTree = "<group>";
		};
		524F347C1D696E7D00C48AAA = {
			isa = PBXGroup;
			children = (
				524F34871D696E7D00C48AAA /* 百思不得姐 */,
				524F34861D696E7D00C48AAA /* Products */,
				64969AE2129801ADEB202F77 /* Pods */,
				65901437011DF6DEB5007242 /* Frameworks */,
			);
			sourceTree = "<group>";
		};
		524F34861D696E7D00C48AAA /* Products */ = {
			isa = PBXGroup;
			children = (
				524F34851D696E7D00C48AAA /* 百思不得姐.app */,
			);
			name = Products;
			sourceTree = "<group>";
		};
		524F34871D696E7D00C48AAA /* 百思不得姐 */ = {
			isa = PBXGroup;
			children = (
				524923221D69DB0500B8152F /* Classes */,
				524F34881D696E7D00C48AAA /* Supporting Files */,
			);
			path = "百思不得姐";
			sourceTree = "<group>";
		};
		524F34881D696E7D00C48AAA /* Supporting Files */ = {
			isa = PBXGroup;
			children = (
				524923591D69DBB100B8152F /* Info.plist */,
				524F34941D696E7D00C48AAA /* Assets.xcassets */,
			);
			name = "Supporting Files";
			sourceTree = "<group>";
		};
		64969AE2129801ADEB202F77 /* Pods */ = {
			isa = PBXGroup;
			children = (
				2535BB8B2914435D165D773B /* Pods-百思不得姐.debug.xcconfig */,
				1705033D8C7D305F248FA542 /* Pods-百思不得姐.release.xcconfig */,
			);
			name = Pods;
			sourceTree = "<group>";
		};
		65901437011DF6DEB5007242 /* Frameworks */ = {
			isa = PBXGroup;
			children = (
				0F8CEBCD52B7189478094B12 /* libPods-百思不得姐.a */,
			);
			name = Frameworks;
			sourceTree = "<group>";
		};
/* End PBXGroup section */

/* Begin PBXNativeTarget section */
		524F34841D696E7D00C48AAA /* 百思不得姐 */ = {
			isa = PBXNativeTarget;
			buildConfigurationList = 524F349C1D696E7D00C48AAA /* Build configuration list for PBXNativeTarget "百思不得姐" */;
			buildPhases = (
				1FF3281A4B9D64821DF6CF71 /* [CP] Check Pods Manifest.lock */,
				524F34811D696E7D00C48AAA /* Sources */,
				524F34821D696E7D00C48AAA /* Frameworks */,
				524F34831D696E7D00C48AAA /* Resources */,
				76E288F7D690C8B7394BC85E /* [CP] Embed Pods Frameworks */,
				1DD16AD48B78D338069E3912 /* [CP] Copy Pods Resources */,
			);
			buildRules = (
			);
			dependencies = (
			);
			name = "百思不得姐";
			productName = "百思不得姐";
			productReference = 524F34851D696E7D00C48AAA /* 百思不得姐.app */;
			productType = "com.apple.product-type.application";
		};
/* End PBXNativeTarget section */

/* Begin PBXProject section */
		524F347D1D696E7D00C48AAA /* Project object */ = {
			isa = PBXProject;
			attributes = {
				CLASSPREFIX = BDJ;
				LastUpgradeCheck = 0730;
				ORGANIZATIONNAME = "😄";
				TargetAttributes = {
					524F34841D696E7D00C48AAA = {
						CreatedOnToolsVersion = 7.3.1;
					};
				};
			};
			buildConfigurationList = 524F34801D696E7D00C48AAA /* Build configuration list for PBXProject "百思不得姐" */;
			compatibilityVersion = "Xcode 3.2";
			developmentRegion = English;
			hasScannedForEncodings = 0;
			knownRegions = (
				en,
				Base,
			);
			mainGroup = 524F347C1D696E7D00C48AAA;
			productRefGroup = 524F34861D696E7D00C48AAA /* Products */;
			projectDirPath = "";
			projectRoot = "";
			targets = (
				524F34841D696E7D00C48AAA /* 百思不得姐 */,
			);
		};
/* End PBXProject section */

/* Begin PBXResourcesBuildPhase section */
		524F34831D696E7D00C48AAA /* Resources */ = {
			isa = PBXResourcesBuildPhase;
			buildActionMask = 2147483647;
			files = (
				524923561D69DB0500B8152F /* LaunchScreen.storyboard in Resources */,
				524F34951D696E7D00C48AAA /* Assets.xcassets in Resources */,
				524923641D6AB3AC00B8152F /* BDJRecommendViewController.xib in Resources */,
				524923721D6AC23400B8152F /* BDJRecommendTypeCell.xib in Resources */,
				5225D3A41D6B4C480051A02F /* BDJRecommendUserCell.xib in Resources */,
				5249235A1D69DBB100B8152F /* Info.plist in Resources */,
				5249235F1D6AAC7300B8152F /* BDJFriendTrendsViewController.xib in Resources */,
			);
			runOnlyForDeploymentPostprocessing = 0;
		};
/* End PBXResourcesBuildPhase section */

/* Begin PBXShellScriptBuildPhase section */
		1DD16AD48B78D338069E3912 /* [CP] Copy Pods Resources */ = {
			isa = PBXShellScriptBuildPhase;
			buildActionMask = 2147483647;
			files = (
			);
			inputPaths = (
			);
			name = "[CP] Copy Pods Resources";
			outputPaths = (
			);
			runOnlyForDeploymentPostprocessing = 0;
			shellPath = /bin/sh;
			shellScript = "\"${SRCROOT}/Pods/Target Support Files/Pods-百思不得姐/Pods-百思不得姐-resources.sh\"\n";
			showEnvVarsInLog = 0;
		};
		1FF3281A4B9D64821DF6CF71 /* [CP] Check Pods Manifest.lock */ = {
			isa = PBXShellScriptBuildPhase;
			buildActionMask = 2147483647;
			files = (
			);
			inputPaths = (
			);
			name = "[CP] Check Pods Manifest.lock";
			outputPaths = (
			);
			runOnlyForDeploymentPostprocessing = 0;
			shellPath = /bin/sh;
			shellScript = "diff \"${PODS_ROOT}/../Podfile.lock\" \"${PODS_ROOT}/Manifest.lock\" > /dev/null\nif [[ $? != 0 ]] ; then\n    cat << EOM\nerror: The sandbox is not in sync with the Podfile.lock. Run 'pod install' or update your CocoaPods installation.\nEOM\n    exit 1\nfi\n";
			showEnvVarsInLog = 0;
		};
		76E288F7D690C8B7394BC85E /* [CP] Embed Pods Frameworks */ = {
			isa = PBXShellScriptBuildPhase;
			buildActionMask = 2147483647;
			files = (
			);
			inputPaths = (
			);
			name = "[CP] Embed Pods Frameworks";
			outputPaths = (
			);
			runOnlyForDeploymentPostprocessing = 0;
			shellPath = /bin/sh;
			shellScript = "\"${SRCROOT}/Pods/Target Support Files/Pods-百思不得姐/Pods-百思不得姐-frameworks.sh\"\n";
			showEnvVarsInLog = 0;
		};
/* End PBXShellScriptBuildPhase section */

/* Begin PBXSourcesBuildPhase section */
		524F34811D696E7D00C48AAA /* Sources */ = {
			isa = PBXSourcesBuildPhase;
			buildActionMask = 2147483647;
			files = (
				524923541D69DB0500B8152F /* BDJTabBarController.m in Sources */,
				5249236A1D6AB5DE00B8152F /* NSDictionary+BDJLog.m in Sources */,
				5249234D1D69DB0500B8152F /* BDJEssenceViewController.m in Sources */,
				524923521D69DB0500B8152F /* UIBarButtonItem+BDJExtension.m in Sources */,
				5249234E1D69DB0500B8152F /* BDJFriendTrendsViewController.m in Sources */,
				524923501D69DB0500B8152F /* BDJNewViewController.m in Sources */,
				5249236D1D6ABF9900B8152F /* BDJRecommendType.m in Sources */,
				5225D3A71D6B504C0051A02F /* BDJRecommendUser.m in Sources */,
				5249234F1D69DB0500B8152F /* BDJMeViewController.m in Sources */,
				524923581D69DB0500B8152F /* BDJTabBar.m in Sources */,
				5249235D1D6A824E00B8152F /* BDJNavigationController.m in Sources */,
				5225D3A31D6B4C480051A02F /* BDJRecommendUserCell.m in Sources */,
				524923631D6AB3AC00B8152F /* BDJRecommendViewController.m in Sources */,
				524923511D69DB0500B8152F /* AppDelegate.m in Sources */,
				524923571D69DB0500B8152F /* main.m in Sources */,
				524923531D69DB0500B8152F /* UIView+BDJExtension.m in Sources */,
				524923711D6AC23400B8152F /* BDJRecommendTypeCell.m in Sources */,
			);
			runOnlyForDeploymentPostprocessing = 0;
		};
/* End PBXSourcesBuildPhase section */

/* Begin XCBuildConfiguration section */
		524F349A1D696E7D00C48AAA /* Debug */ = {
			isa = XCBuildConfiguration;
			buildSettings = {
				ALWAYS_SEARCH_USER_PATHS = NO;
				CLANG_ANALYZER_NONNULL = YES;
				CLANG_CXX_LANGUAGE_STANDARD = "gnu++0x";
				CLANG_CXX_LIBRARY = "libc++";
				CLANG_ENABLE_MODULES = YES;
				CLANG_ENABLE_OBJC_ARC = YES;
				CLANG_WARN_BOOL_CONVERSION = YES;
				CLANG_WARN_CONSTANT_CONVERSION = YES;
				CLANG_WARN_DIRECT_OBJC_ISA_USAGE = YES_ERROR;
				CLANG_WARN_EMPTY_BODY = YES;
				CLANG_WARN_ENUM_CONVERSION = YES;
				CLANG_WARN_INT_CONVERSION = YES;
				CLANG_WARN_OBJC_ROOT_CLASS = YES_ERROR;
				CLANG_WARN_UNREACHABLE_CODE = YES;
				CLANG_WARN__DUPLICATE_METHOD_MATCH = YES;
				"CODE_SIGN_IDENTITY[sdk=iphoneos*]" = "iPhone Developer";
				COPY_PHASE_STRIP = NO;
				DEBUG_INFORMATION_FORMAT = dwarf;
				ENABLE_STRICT_OBJC_MSGSEND = YES;
				ENABLE_TESTABILITY = YES;
				GCC_C_LANGUAGE_STANDARD = gnu99;
				GCC_DYNAMIC_NO_PIC = NO;
				GCC_NO_COMMON_BLOCKS = YES;
				GCC_OPTIMIZATION_LEVEL = 0;
				GCC_PREPROCESSOR_DEFINITIONS = (
					"DEBUG=1",
					"$(inherited)",
				);
				GCC_WARN_64_TO_32_BIT_CONVERSION = YES;
				GCC_WARN_ABOUT_RETURN_TYPE = YES_ERROR;
				GCC_WARN_UNDECLARED_SELECTOR = YES;
				GCC_WARN_UNINITIALIZED_AUTOS = YES_AGGRESSIVE;
				GCC_WARN_UNUSED_FUNCTION = YES;
				GCC_WARN_UNUSED_VARIABLE = YES;
				IPHONEOS_DEPLOYMENT_TARGET = 9.3;
				MTL_ENABLE_DEBUG_INFO = YES;
				ONLY_ACTIVE_ARCH = YES;
				SDKROOT = iphoneos;
				TARGETED_DEVICE_FAMILY = "1,2";
			};
			name = Debug;
		};
		524F349B1D696E7D00C48AAA /* Release */ = {
			isa = XCBuildConfiguration;
			buildSettings = {
				ALWAYS_SEARCH_USER_PATHS = NO;
				CLANG_ANALYZER_NONNULL = YES;
				CLANG_CXX_LANGUAGE_STANDARD = "gnu++0x";
				CLANG_CXX_LIBRARY = "libc++";
				CLANG_ENABLE_MODULES = YES;
				CLANG_ENABLE_OBJC_ARC = YES;
				CLANG_WARN_BOOL_CONVERSION = YES;
				CLANG_WARN_CONSTANT_CONVERSION = YES;
				CLANG_WARN_DIRECT_OBJC_ISA_USAGE = YES_ERROR;
				CLANG_WARN_EMPTY_BODY = YES;
				CLANG_WARN_ENUM_CONVERSION = YES;
				CLANG_WARN_INT_CONVERSION = YES;
				CLANG_WARN_OBJC_ROOT_CLASS = YES_ERROR;
				CLANG_WARN_UNREACHABLE_CODE = YES;
				CLANG_WARN__DUPLICATE_METHOD_MATCH = YES;
				"CODE_SIGN_IDENTITY[sdk=iphoneos*]" = "iPhone Developer";
				COPY_PHASE_STRIP = NO;
				DEBUG_INFORMATION_FORMAT = "dwarf-with-dsym";
				ENABLE_NS_ASSERTIONS = NO;
				ENABLE_STRICT_OBJC_MSGSEND = YES;
				GCC_C_LANGUAGE_STANDARD = gnu99;
				GCC_NO_COMMON_BLOCKS = YES;
				GCC_WARN_64_TO_32_BIT_CONVERSION = YES;
				GCC_WARN_ABOUT_RETURN_TYPE = YES_ERROR;
				GCC_WARN_UNDECLARED_SELECTOR = YES;
				GCC_WARN_UNINITIALIZED_AUTOS = YES_AGGRESSIVE;
				GCC_WARN_UNUSED_FUNCTION = YES;
				GCC_WARN_UNUSED_VARIABLE = YES;
				IPHONEOS_DEPLOYMENT_TARGET = 9.3;
				MTL_ENABLE_DEBUG_INFO = NO;
				SDKROOT = iphoneos;
				TARGETED_DEVICE_FAMILY = "1,2";
				VALIDATE_PRODUCT = YES;
			};
			name = Release;
		};
		524F349D1D696E7D00C48AAA /* Debug */ = {
			isa = XCBuildConfiguration;
			baseConfigurationReference = 2535BB8B2914435D165D773B /* Pods-百思不得姐.debug.xcconfig */;
			buildSettings = {
				ASSETCATALOG_COMPILER_APPICON_NAME = AppIcon;
				GCC_PREFIX_HEADER = "百思不得姐/Classes/Other/BDJ.pch";
				INFOPLIST_FILE = "百思不得姐/Info.plist";
				LD_RUNPATH_SEARCH_PATHS = "$(inherited) @executable_path/Frameworks";
				PRODUCT_BUNDLE_IDENTIFIER = "LiuJian.-----";
				PRODUCT_NAME = "$(TARGET_NAME)";
			};
			name = Debug;
		};
		524F349E1D696E7D00C48AAA /* Release */ = {
			isa = XCBuildConfiguration;
			baseConfigurationReference = 1705033D8C7D305F248FA542 /* Pods-百思不得姐.release.xcconfig */;
			buildSettings = {
				ASSETCATALOG_COMPILER_APPICON_NAME = AppIcon;
				GCC_PREFIX_HEADER = "百思不得姐/Classes/Other/BDJ.pch";
				INFOPLIST_FILE = "百思不得姐/Info.plist";
				LD_RUNPATH_SEARCH_PATHS = "$(inherited) @executable_path/Frameworks";
				PRODUCT_BUNDLE_IDENTIFIER = "LiuJian.-----";
				PRODUCT_NAME = "$(TARGET_NAME)";
			};
			name = Release;
		};
/* End XCBuildConfiguration section */

/* Begin XCConfigurationList section */
		524F34801D696E7D00C48AAA /* Build configuration list for PBXProject "百思不得姐" */ = {
			isa = XCConfigurationList;
			buildConfigurations = (
				524F349A1D696E7D00C48AAA /* Debug */,
				524F349B1D696E7D00C48AAA /* Release */,
			);
			defaultConfigurationIsVisible = 0;
			defaultConfigurationName = Release;
		};
		524F349C1D696E7D00C48AAA /* Build configuration list for PBXNativeTarget "百思不得姐" */ = {
			isa = XCConfigurationList;
			buildConfigurations = (
				524F349D1D696E7D00C48AAA /* Debug */,
				524F349E1D696E7D00C48AAA /* Release */,
			);
			defaultConfigurationIsVisible = 0;
			defaultConfigurationName = Release;
		};
/* End XCConfigurationList section */
	};
	rootObject = 524F347D1D696E7D00C48AAA /* Project object */;
}
